
Microsoft Visual Studio Solution File, Format Version 12.00
# Visual Studio Version 17
VisualStudioVersion = 17.9.34701.34
MinimumVisualStudioVersion = 10.0.40219.1
Project("{FAE04EC0-301F-11D3-BF4B-00C04F79EFBC}") = "ConsoleApp12", "ConsoleApp12\ConsoleApp12.csproj", "{38A884A7-D9A7-4E52-9206-E2FD37F2DFFE}"
EndProject
Global
	GlobalSection(SolutionConfigurationPlatforms) = preSolution
		Debug|Any CPU = Debug|Any CPU
		Release|Any CPU = Release|Any CPU
	EndGlobalSection
	GlobalSection(ProjectConfigurationPlatforms) = postSolution
		{38A884A7-D9A7-4E52-9206-E2FD37F2DFFE}.Debug|Any CPU.ActiveCfg = Debug|Any CPU
		{38A884A7-D9A7-4E52-9206-E2FD37F2DFFE}.Debug|Any CPU.Build.0 = Debug|Any CPU
		{38A884A7-D9A7-4E52-9206-E2FD37F2DFFE}.Release|Any CPU.ActiveCfg = Release|Any CPU
		{38A884A7-D9A7-4E52-9206-E2FD37F2DFFE}.Release|Any CPU.Build.0 = Release|Any CPU
	EndGlobalSection
	GlobalSection(SolutionProperties) = preSolution
		HideSolutionNode = FALSE
	EndGlobalSection
	GlobalSection(ExtensibilityGlobals) = postSolution
		SolutionGuid = {1CD97EE8-77E6-485D-85E5-33974A505AF5}
	EndGlobalSection
EndGlobal
