
Microsoft Visual Studio Solution File, Format Version 12.00
# Visual Studio Version 17
VisualStudioVersion = 17.9.34622.214
MinimumVisualStudioVersion = 10.0.40219.1
Project("{FAE04EC0-301F-11D3-BF4B-00C04F79EFBC}") = "ConsoleApp3", "ConsoleApp3\ConsoleApp3.csproj", "{4FB54635-E6BD-466B-8D4F-3605A2DA020D}"
EndProject
Global
	GlobalSection(SolutionConfigurationPlatforms) = preSolution
		Debug|Any CPU = Debug|Any CPU
		Release|Any CPU = Release|Any CPU
	EndGlobalSection
	GlobalSection(ProjectConfigurationPlatforms) = postSolution
		{4FB54635-E6BD-466B-8D4F-3605A2DA020D}.Debug|Any CPU.ActiveCfg = Debug|Any CPU
		{4FB54635-E6BD-466B-8D4F-3605A2DA020D}.Debug|Any CPU.Build.0 = Debug|Any CPU
		{4FB54635-E6BD-466B-8D4F-3605A2DA020D}.Release|Any CPU.ActiveCfg = Release|Any CPU
		{4FB54635-E6BD-466B-8D4F-3605A2DA020D}.Release|Any CPU.Build.0 = Release|Any CPU
	EndGlobalSection
	GlobalSection(SolutionProperties) = preSolution
		HideSolutionNode = FALSE
	EndGlobalSection
	GlobalSection(ExtensibilityGlobals) = postSolution
		SolutionGuid = {FDBC98F7-12DF-4DF5-ADDD-95020497B44F}
	EndGlobalSection
EndGlobal
