
Microsoft Visual Studio Solution File, Format Version 12.00
# Visual Studio Version 17
VisualStudioVersion = 17.9.34701.34
MinimumVisualStudioVersion = 10.0.40219.1
Project("{FAE04EC0-301F-11D3-BF4B-00C04F79EFBC}") = "ConsoleApp40", "ConsoleApp40\ConsoleApp40.csproj", "{39500B68-D35D-4884-8C0C-57C5ACFE5587}"
EndProject
Global
	GlobalSection(SolutionConfigurationPlatforms) = preSolution
		Debug|Any CPU = Debug|Any CPU
		Release|Any CPU = Release|Any CPU
	EndGlobalSection
	GlobalSection(ProjectConfigurationPlatforms) = postSolution
		{39500B68-D35D-4884-8C0C-57C5ACFE5587}.Debug|Any CPU.ActiveCfg = Debug|Any CPU
		{39500B68-D35D-4884-8C0C-57C5ACFE5587}.Debug|Any CPU.Build.0 = Debug|Any CPU
		{39500B68-D35D-4884-8C0C-57C5ACFE5587}.Release|Any CPU.ActiveCfg = Release|Any CPU
		{39500B68-D35D-4884-8C0C-57C5ACFE5587}.Release|Any CPU.Build.0 = Release|Any CPU
	EndGlobalSection
	GlobalSection(SolutionProperties) = preSolution
		HideSolutionNode = FALSE
	EndGlobalSection
	GlobalSection(ExtensibilityGlobals) = postSolution
		SolutionGuid = {DADABEEE-3E63-4C42-BC13-786BE63FE672}
	EndGlobalSection
EndGlobal
